// !$*UTF8*$!
{
	archiveVersion = 1;
	classes = {
	};
	objectVersion = 55;
	objects = {

/* Begin PBXBuildFile section */
		6EAB9D712805E1BF00327A2C /* AppDelegate.swift in Sources */ = {isa = PBXBuildFile; fileRef = 6EAB9D702805E1BF00327A2C /* AppDelegate.swift */; };
		6EAB9D732805E1BF00327A2C /* SceneDelegate.swift in Sources */ = {isa = PBXBuildFile; fileRef = 6EAB9D722805E1BF00327A2C /* SceneDelegate.swift */; };
		6EAB9D752805E1BF00327A2C /* ViewController.swift in Sources */ = {isa = PBXBuildFile; fileRef = 6EAB9D742805E1BF00327A2C /* ViewController.swift */; };
		6EAB9D782805E1BF00327A2C /* Main.storyboard in Resources */ = {isa = PBXBuildFile; fileRef = 6EAB9D762805E1BF00327A2C /* Main.storyboard */; };
		6EAB9D7B2805E1BF00327A2C /* Favorite_Fruit_List.xcdatamodeld in Sources */ = {isa = PBXBuildFile; fileRef = 6EAB9D792805E1BF00327A2C /* Favorite_Fruit_List.xcdatamodeld */; };
		6EAB9D7D2805E1C200327A2C /* Assets.xcassets in Resources */ = {isa = PBXBuildFile; fileRef = 6EAB9D7C2805E1C200327A2C /* Assets.xcassets */; };
		6EAB9D802805E1C200327A2C /* LaunchScreen.storyboard in Resources */ = {isa = PBXBuildFile; fileRef = 6EAB9D7E2805E1C200327A2C /* LaunchScreen.storyboard */; };
		6EAB9D8D2805E2B600327A2C /* GrapesTableView.swift in Sources */ = {isa = PBXBuildFile; fileRef = 6EAB9D8C2805E2B600327A2C /* GrapesTableView.swift */; };
/* End PBXBuildFile section */

/* Begin PBXFileReference section */
		6EAB9D6D2805E1BF00327A2C /* Favorite Fruit List.app */ = {isa = PBXFileReference; explicitFileType = wrapper.application; includeInIndex = 0; path = "Favorite Fruit List.app"; sourceTree = BUILT_PRODUCTS_DIR; };
		6EAB9D702805E1BF00327A2C /* AppDelegate.swift */ = {isa = PBXFileReference; lastKnownFileType = sourcecode.swift; path = AppDelegate.swift; sourceTree = "<group>"; };
		6EAB9D722805E1BF00327A2C /* SceneDelegate.swift */ = {isa = PBXFileReference; lastKnownFileType = sourcecode.swift; path = SceneDelegate.swift; sourceTree = "<group>"; };
		6EAB9D742805E1BF00327A2C /* ViewController.swift */ = {isa = PBXFileReference; lastKnownFileType = sourcecode.swift; path = ViewController.swift; sourceTree = "<group>"; };
		6EAB9D772805E1BF00327A2C /* Base */ = {isa = PBXFileReference; lastKnownFileType = file.storyboard; name = Base; path = Base.lproj/Main.storyboard; sourceTree = "<group>"; };
		6EAB9D7A2805E1BF00327A2C /* Favorite_Fruit_List.xcdatamodel */ = {isa = PBXFileReference; lastKnownFileType = wrapper.xcdatamodel; path = Favorite_Fruit_List.xcdatamodel; sourceTree = "<group>"; };
		6EAB9D7C2805E1C200327A2C /* Assets.xcassets */ = {isa = PBXFileReference; lastKnownFileType = folder.assetcatalog; path = Assets.xcassets; sourceTree = "<group>"; };
		6EAB9D7F2805E1C200327A2C /* Base */ = {isa = PBXFileReference; lastKnownFileType = file.storyboard; name = Base; path = Base.lproj/LaunchScreen.storyboard; sourceTree = "<group>"; };
		6EAB9D812805E1C200327A2C /* Info.plist */ = {isa = PBXFileReference; lastKnownFileType = text.plist.xml; path = Info.plist; sourceTree = "<group>"; };
		6EAB9D8C2805E2B600327A2C /* GrapesTableView.swift */ = {isa = PBXFileReference; lastKnownFileType = sourcecode.swift; path = GrapesTableView.swift; sourceTree = "<group>"; };
/* End PBXFileReference section */

/* Begin PBXFrameworksBuildPhase section */
		6EAB9D6A2805E1BF00327A2C /* Frameworks */ = {
			isa = PBXFrameworksBuildPhase;
			buildActionMask = 2147483647;
			files = (
			);
			runOnlyForDeploymentPostprocessing = 0;
		};
/* End PBXFrameworksBuildPhase section */

/* Begin PBXGroup section */
		6EAB9D642805E1BF00327A2C = {
			isa = PBXGroup;
			children = (
				6EAB9D6F2805E1BF00327A2C /* Favorite Fruit List */,
				6EAB9D6E2805E1BF00327A2C /* Products */,
			);
			sourceTree = "<group>";
		};
		6EAB9D6E2805E1BF00327A2C /* Products */ = {
			isa = PBXGroup;
			children = (
				6EAB9D6D2805E1BF00327A2C /* Favorite Fruit List.app */,
			);
			name = Products;
			sourceTree = "<group>";
		};
		6EAB9D6F2805E1BF00327A2C /* Favorite Fruit List */ = {
			isa = PBXGroup;
			children = (
				6EAB9D8A2805E1E700327A2C /* Controller */,
				6EAB9D882805E1DA00327A2C /* View */,
				6EAB9D872805E1D300327A2C /* Model */,
				6EAB9D8B2805E1F100327A2C /* Others */,
				6EAB9D7C2805E1C200327A2C /* Assets.xcassets */,
				6EAB9D812805E1C200327A2C /* Info.plist */,
				6EAB9D792805E1BF00327A2C /* Favorite_Fruit_List.xcdatamodeld */,
			);
			path = "Favorite Fruit List";
			sourceTree = "<group>";
		};
		6EAB9D872805E1D300327A2C /* Model */ = {
			isa = PBXGroup;
			children = (
			);
			path = Model;
			sourceTree = "<group>";
		};
		6EAB9D882805E1DA00327A2C /* View */ = {
			isa = PBXGroup;
			children = (
				6EAB9D8C2805E2B600327A2C /* GrapesTableView.swift */,
			);
			name = View;
			sourceTree = "<group>";
		};
		6EAB9D8A2805E1E700327A2C /* Controller */ = {
			isa = PBXGroup;
			children = (
				6EAB9D742805E1BF00327A2C /* ViewController.swift */,
			);
			path = Controller;
			sourceTree = "<group>";
		};
		6EAB9D8B2805E1F100327A2C /* Others */ = {
			isa = PBXGroup;
			children = (
				6EAB9D702805E1BF00327A2C /* AppDelegate.swift */,
				6EAB9D722805E1BF00327A2C /* SceneDelegate.swift */,
				6EAB9D762805E1BF00327A2C /* Main.storyboard */,
				6EAB9D7E2805E1C200327A2C /* LaunchScreen.storyboard */,
			);
			path = Others;
			sourceTree = "<group>";
		};
/* End PBXGroup section */

/* Begin PBXNativeTarget section */
		6EAB9D6C2805E1BF00327A2C /* Favorite Fruit List */ = {
			isa = PBXNativeTarget;
			buildConfigurationList = 6EAB9D842805E1C200327A2C /* Build configuration list for PBXNativeTarget "Favorite Fruit List" */;
			buildPhases = (
				6EAB9D692805E1BF00327A2C /* Sources */,
				6EAB9D6A2805E1BF00327A2C /* Frameworks */,
				6EAB9D6B2805E1BF00327A2C /* Resources */,
			);
			buildRules = (
			);
			dependencies = (
			);
			name = "Favorite Fruit List";
			productName = "Favorite Fruit List";
			productReference = 6EAB9D6D2805E1BF00327A2C /* Favorite Fruit List.app */;
			productType = "com.apple.product-type.application";
		};
/* End PBXNativeTarget section */

/* Begin PBXProject section */
		6EAB9D652805E1BF00327A2C /* Project object */ = {
			isa = PBXProject;
			attributes = {
				BuildIndependentTargetsInParallel = 1;
				LastSwiftUpdateCheck = 1310;
				LastUpgradeCheck = 1310;
				TargetAttributes = {
					6EAB9D6C2805E1BF00327A2C = {
						CreatedOnToolsVersion = 13.1;
					};
				};
			};
			buildConfigurationList = 6EAB9D682805E1BF00327A2C /* Build configuration list for PBXProject "Favorite Fruit List" */;
			compatibilityVersion = "Xcode 13.0";
			developmentRegion = en;
			hasScannedForEncodings = 0;
			knownRegions = (
				en,
				Base,
			);
			mainGroup = 6EAB9D642805E1BF00327A2C;
			productRefGroup = 6EAB9D6E2805E1BF00327A2C /* Products */;
			projectDirPath = "";
			projectRoot = "";
			targets = (
				6EAB9D6C2805E1BF00327A2C /* Favorite Fruit List */,
			);
		};
/* End PBXProject section */

/* Begin PBXResourcesBuildPhase section */
		6EAB9D6B2805E1BF00327A2C /* Resources */ = {
			isa = PBXResourcesBuildPhase;
			buildActionMask = 2147483647;
			files = (
				6EAB9D802805E1C200327A2C /* LaunchScreen.storyboard in Resources */,
				6EAB9D7D2805E1C200327A2C /* Assets.xcassets in Resources */,
				6EAB9D782805E1BF00327A2C /* Main.storyboard in Resources */,
			);
			runOnlyForDeploymentPostprocessing = 0;
		};
/* End PBXResourcesBuildPhase section */

/* Begin PBXSourcesBuildPhase section */
		6EAB9D692805E1BF00327A2C /* Sources */ = {
			isa = PBXSourcesBuildPhase;
			buildActionMask = 2147483647;
			files = (
				6EAB9D8D2805E2B600327A2C /* GrapesTableView.swift in Sources */,
				6EAB9D7B2805E1BF00327A2C /* Favorite_Fruit_List.xcdatamodeld in Sources */,
				6EAB9D752805E1BF00327A2C /* ViewController.swift in Sources */,
				6EAB9D712805E1BF00327A2C /* AppDelegate.swift in Sources */,
				6EAB9D732805E1BF00327A2C /* SceneDelegate.swift in Sources */,
			);
			runOnlyForDeploymentPostprocessing = 0;
		};
/* End PBXSourcesBuildPhase section */

/* Begin PBXVariantGroup section */
		6EAB9D762805E1BF00327A2C /* Main.storyboard */ = {
			isa = PBXVariantGroup;
			children = (
				6EAB9D772805E1BF00327A2C /* Base */,
			);
			name = Main.storyboard;
			sourceTree = "<group>";
		};
		6EAB9D7E2805E1C200327A2C /* LaunchScreen.storyboard */ = {
			isa = PBXVariantGroup;
			children = (
				6EAB9D7F2805E1C200327A2C /* Base */,
			);
			name = LaunchScreen.storyboard;
			sourceTree = "<group>";
		};
/* End PBXVariantGroup section */

/* Begin XCBuildConfiguration section */
		6EAB9D822805E1C200327A2C /* Debug */ = {
			isa = XCBuildConfiguration;
			buildSettings = {
				ALWAYS_SEARCH_USER_PATHS = NO;
				CLANG_ANALYZER_NONNULL = YES;
				CLANG_ANALYZER_NUMBER_OBJECT_CONVERSION = YES_AGGRESSIVE;
				CLANG_CXX_LANGUAGE_STANDARD = "gnu++17";
				CLANG_CXX_LIBRARY = "libc++";
				CLANG_ENABLE_MODULES = YES;
				CLANG_ENABLE_OBJC_ARC = YES;
				CLANG_ENABLE_OBJC_WEAK = YES;
				CLANG_WARN_BLOCK_CAPTURE_AUTORELEASING = YES;
				CLANG_WARN_BOOL_CONVERSION = YES;
				CLANG_WARN_COMMA = YES;
				CLANG_WARN_CONSTANT_CONVERSION = YES;
				CLANG_WARN_DEPRECATED_OBJC_IMPLEMENTATIONS = YES;
				CLANG_WARN_DIRECT_OBJC_ISA_USAGE = YES_ERROR;
				CLANG_WARN_DOCUMENTATION_COMMENTS = YES;
				CLANG_WARN_EMPTY_BODY = YES;
				CLANG_WARN_ENUM_CONVERSION = YES;
				CLANG_WARN_INFINITE_RECURSION = YES;
				CLANG_WARN_INT_CONVERSION = YES;
				CLANG_WARN_NON_LITERAL_NULL_CONVERSION = YES;
				CLANG_WARN_OBJC_IMPLICIT_RETAIN_SELF = YES;
				CLANG_WARN_OBJC_LITERAL_CONVERSION = YES;
				CLANG_WARN_OBJC_ROOT_CLASS = YES_ERROR;
				CLANG_WARN_QUOTED_INCLUDE_IN_FRAMEWORK_HEADER = YES;
				CLANG_WARN_RANGE_LOOP_ANALYSIS = YES;
				CLANG_WARN_STRICT_PROTOTYPES = YES;
				CLANG_WARN_SUSPICIOUS_MOVE = YES;
				CLANG_WARN_UNGUARDED_AVAILABILITY = YES_AGGRESSIVE;
				CLANG_WARN_UNREACHABLE_CODE = YES;
				CLANG_WARN__DUPLICATE_METHOD_MATCH = YES;
				COPY_PHASE_STRIP = NO;
				DEBUG_INFORMATION_FORMAT = dwarf;
				ENABLE_STRICT_OBJC_MSGSEND = YES;
				ENABLE_TESTABILITY = YES;
				GCC_C_LANGUAGE_STANDARD = gnu11;
				GCC_DYNAMIC_NO_PIC = NO;
				GCC_NO_COMMON_BLOCKS = YES;
				GCC_OPTIMIZATION_LEVEL = 0;
				GCC_PREPROCESSOR_DEFINITIONS = (
					"DEBUG=1",
					"$(inherited)",
				);
				GCC_WARN_64_TO_32_BIT_CONVERSION = YES;
				GCC_WARN_ABOUT_RETURN_TYPE = YES_ERROR;
				GCC_WARN_UNDECLARED_SELECTOR = YES;
				GCC_WARN_UNINITIALIZED_AUTOS = YES_AGGRESSIVE;
				GCC_WARN_UNUSED_FUNCTION = YES;
				GCC_WARN_UNUSED_VARIABLE = YES;
				IPHONEOS_DEPLOYMENT_TARGET = 15.0;
				MTL_ENABLE_DEBUG_INFO = INCLUDE_SOURCE;
				MTL_FAST_MATH = YES;
				ONLY_ACTIVE_ARCH = YES;
				SDKROOT = iphoneos;
				SWIFT_ACTIVE_COMPILATION_CONDITIONS = DEBUG;
				SWIFT_OPTIMIZATION_LEVEL = "-Onone";
			};
			name = Debug;
		};
		6EAB9D832805E1C200327A2C /* Release */ = {
			isa = XCBuildConfiguration;
			buildSettings = {
				ALWAYS_SEARCH_USER_PATHS = NO;
				CLANG_ANALYZER_NONNULL = YES;
				CLANG_ANALYZER_NUMBER_OBJECT_CONVERSION = YES_AGGRESSIVE;
				CLANG_CXX_LANGUAGE_STANDARD = "gnu++17";
				CLANG_CXX_LIBRARY = "libc++";
				CLANG_ENABLE_MODULES = YES;
				CLANG_ENABLE_OBJC_ARC = YES;
				CLANG_ENABLE_OBJC_WEAK = YES;
				CLANG_WARN_BLOCK_CAPTURE_AUTORELEASING = YES;
				CLANG_WARN_BOOL_CONVERSION = YES;
				CLANG_WARN_COMMA = YES;
				CLANG_WARN_CONSTANT_CONVERSION = YES;
				CLANG_WARN_DEPRECATED_OBJC_IMPLEMENTATIONS = YES;
				CLANG_WARN_DIRECT_OBJC_ISA_USAGE = YES_ERROR;
				CLANG_WARN_DOCUMENTATION_COMMENTS = YES;
				CLANG_WARN_EMPTY_BODY = YES;
				CLANG_WARN_ENUM_CONVERSION = YES;
				CLANG_WARN_INFINITE_RECURSION = YES;
				CLANG_WARN_INT_CONVERSION = YES;
				CLANG_WARN_NON_LITERAL_NULL_CONVERSION = YES;
				CLANG_WARN_OBJC_IMPLICIT_RETAIN_SELF = YES;
				CLANG_WARN_OBJC_LITERAL_CONVERSION = YES;
				CLANG_WARN_OBJC_ROOT_CLASS = YES_ERROR;
				CLANG_WARN_QUOTED_INCLUDE_IN_FRAMEWORK_HEADER = YES;
				CLANG_WARN_RANGE_LOOP_ANALYSIS = YES;
				CLANG_WARN_STRICT_PROTOTYPES = YES;
				CLANG_WARN_SUSPICIOUS_MOVE = YES;
				CLANG_WARN_UNGUARDED_AVAILABILITY = YES_AGGRESSIVE;
				CLANG_WARN_UNREACHABLE_CODE = YES;
				CLANG_WARN__DUPLICATE_METHOD_MATCH = YES;
				COPY_PHASE_STRIP = NO;
				DEBUG_INFORMATION_FORMAT = "dwarf-with-dsym";
				ENABLE_NS_ASSERTIONS = NO;
				ENABLE_STRICT_OBJC_MSGSEND = YES;
				GCC_C_LANGUAGE_STANDARD = gnu11;
				GCC_NO_COMMON_BLOCKS = YES;
				GCC_WARN_64_TO_32_BIT_CONVERSION = YES;
				GCC_WARN_ABOUT_RETURN_TYPE = YES_ERROR;
				GCC_WARN_UNDECLARED_SELECTOR = YES;
				GCC_WARN_UNINITIALIZED_AUTOS = YES_AGGRESSIVE;
				GCC_WARN_UNUSED_FUNCTION = YES;
				GCC_WARN_UNUSED_VARIABLE = YES;
				IPHONEOS_DEPLOYMENT_TARGET = 15.0;
				MTL_ENABLE_DEBUG_INFO = NO;
				MTL_FAST_MATH = YES;
				SDKROOT = iphoneos;
				SWIFT_COMPILATION_MODE = wholemodule;
				SWIFT_OPTIMIZATION_LEVEL = "-O";
				VALIDATE_PRODUCT = YES;
			};
			name = Release;
		};
		6EAB9D852805E1C200327A2C /* Debug */ = {
			isa = XCBuildConfiguration;
			buildSettings = {
				ASSETCATALOG_COMPILER_APPICON_NAME = AppIcon;
				ASSETCATALOG_COMPILER_GLOBAL_ACCENT_COLOR_NAME = AccentColor;
				CODE_SIGN_STYLE = Automatic;
				CURRENT_PROJECT_VERSION = 1;
				GENERATE_INFOPLIST_FILE = YES;
				INFOPLIST_FILE = "Favorite Fruit List/Info.plist";
				INFOPLIST_KEY_UIApplicationSupportsIndirectInputEvents = YES;
				INFOPLIST_KEY_UILaunchStoryboardName = LaunchScreen;
				INFOPLIST_KEY_UIMainStoryboardFile = Main;
				INFOPLIST_KEY_UISupportedInterfaceOrientations_iPad = "UIInterfaceOrientationPortrait UIInterfaceOrientationPortraitUpsideDown UIInterfaceOrientationLandscapeLeft UIInterfaceOrientationLandscapeRight";
				INFOPLIST_KEY_UISupportedInterfaceOrientations_iPhone = "UIInterfaceOrientationPortrait UIInterfaceOrientationLandscapeLeft UIInterfaceOrientationLandscapeRight";
				LD_RUNPATH_SEARCH_PATHS = (
					"$(inherited)",
					"@executable_path/Frameworks",
				);
				MARKETING_VERSION = 1.0;
				PRODUCT_BUNDLE_IDENTIFIER = "amandadetofol.Favorite-Fruit-List";
				PRODUCT_NAME = "$(TARGET_NAME)";
				SWIFT_EMIT_LOC_STRINGS = YES;
				SWIFT_VERSION = 5.0;
				TARGETED_DEVICE_FAMILY = "1,2";
			};
			name = Debug;
		};
		6EAB9D862805E1C200327A2C /* Release */ = {
			isa = XCBuildConfiguration;
			buildSettings = {
				ASSETCATALOG_COMPILER_APPICON_NAME = AppIcon;
				ASSETCATALOG_COMPILER_GLOBAL_ACCENT_COLOR_NAME = AccentColor;
				CODE_SIGN_STYLE = Automatic;
				CURRENT_PROJECT_VERSION = 1;
				GENERATE_INFOPLIST_FILE = YES;
				INFOPLIST_FILE = "Favorite Fruit List/Info.plist";
				INFOPLIST_KEY_UIApplicationSupportsIndirectInputEvents = YES;
				INFOPLIST_KEY_UILaunchStoryboardName = LaunchScreen;
				INFOPLIST_KEY_UIMainStoryboardFile = Main;
				INFOPLIST_KEY_UISupportedInterfaceOrientations_iPad = "UIInterfaceOrientationPortrait UIInterfaceOrientationPortraitUpsideDown UIInterfaceOrientationLandscapeLeft UIInterfaceOrientationLandscapeRight";
				INFOPLIST_KEY_UISupportedInterfaceOrientations_iPhone = "UIInterfaceOrientationPortrait UIInterfaceOrientationLandscapeLeft UIInterfaceOrientationLandscapeRight";
				LD_RUNPATH_SEARCH_PATHS = (
					"$(inherited)",
					"@executable_path/Frameworks",
				);
				MARKETING_VERSION = 1.0;
				PRODUCT_BUNDLE_IDENTIFIER = "amandadetofol.Favorite-Fruit-List";
				PRODUCT_NAME = "$(TARGET_NAME)";
				SWIFT_EMIT_LOC_STRINGS = YES;
				SWIFT_VERSION = 5.0;
				TARGETED_DEVICE_FAMILY = "1,2";
			};
			name = Release;
		};
/* End XCBuildConfiguration section */

/* Begin XCConfigurationList section */
		6EAB9D682805E1BF00327A2C /* Build configuration list for PBXProject "Favorite Fruit List" */ = {
			isa = XCConfigurationList;
			buildConfigurations = (
				6EAB9D822805E1C200327A2C /* Debug */,
				6EAB9D832805E1C200327A2C /* Release */,
			);
			defaultConfigurationIsVisible = 0;
			defaultConfigurationName = Release;
		};
		6EAB9D842805E1C200327A2C /* Build configuration list for PBXNativeTarget "Favorite Fruit List" */ = {
			isa = XCConfigurationList;
			buildConfigurations = (
				6EAB9D852805E1C200327A2C /* Debug */,
				6EAB9D862805E1C200327A2C /* Release */,
			);
			defaultConfigurationIsVisible = 0;
			defaultConfigurationName = Release;
		};
/* End XCConfigurationList section */

/* Begin XCVersionGroup section */
		6EAB9D792805E1BF00327A2C /* Favorite_Fruit_List.xcdatamodeld */ = {
			isa = XCVersionGroup;
			children = (
				6EAB9D7A2805E1BF00327A2C /* Favorite_Fruit_List.xcdatamodel */,
			);
			currentVersion = 6EAB9D7A2805E1BF00327A2C /* Favorite_Fruit_List.xcdatamodel */;
			path = Favorite_Fruit_List.xcdatamodeld;
			sourceTree = "<group>";
			versionGroupType = wrapper.xcdatamodel;
		};
/* End XCVersionGroup section */
	};
	rootObject = 6EAB9D652805E1BF00327A2C /* Project object */;
}
