// !$*UTF8*$!
{
	archiveVersion = 1;
	classes = {
	};
	objectVersion = 55;
	objects = {

/* Begin PBXBuildFile section */
		6EE73275275FEE1F00336E9A /* AppDelegate.swift in Sources */ = {isa = PBXBuildFile; fileRef = 6EE73274275FEE1F00336E9A /* AppDelegate.swift */; };
		6EE73277275FEE1F00336E9A /* SceneDelegate.swift in Sources */ = {isa = PBXBuildFile; fileRef = 6EE73276275FEE1F00336E9A /* SceneDelegate.swift */; };
		6EE73279275FEE1F00336E9A /* ViewController.swift in Sources */ = {isa = PBXBuildFile; fileRef = 6EE73278275FEE1F00336E9A /* ViewController.swift */; };
		6EE7327C275FEE1F00336E9A /* Main.storyboard in Resources */ = {isa = PBXBuildFile; fileRef = 6EE7327A275FEE1F00336E9A /* Main.storyboard */; };
		6EE7327E275FEE2100336E9A /* Assets.xcassets in Resources */ = {isa = PBXBuildFile; fileRef = 6EE7327D275FEE2100336E9A /* Assets.xcassets */; };
		6EE73281275FEE2100336E9A /* LaunchScreen.storyboard in Resources */ = {isa = PBXBuildFile; fileRef = 6EE7327F275FEE2100336E9A /* LaunchScreen.storyboard */; };
		6EE732A5275FEE5B00336E9A /* ViewControllerProtocol.swift in Sources */ = {isa = PBXBuildFile; fileRef = 6EE732A4275FEE5B00336E9A /* ViewControllerProtocol.swift */; };
		6EE732A7275FEFB500336E9A /* ViewControllerDelegate.swift in Sources */ = {isa = PBXBuildFile; fileRef = 6EE732A6275FEFB500336E9A /* ViewControllerDelegate.swift */; };
/* End PBXBuildFile section */

/* Begin PBXContainerItemProxy section */
		6EE73288275FEE2200336E9A /* PBXContainerItemProxy */ = {
			isa = PBXContainerItemProxy;
			containerPortal = 6EE73269275FEE1F00336E9A /* Project object */;
			proxyType = 1;
			remoteGlobalIDString = 6EE73270275FEE1F00336E9A;
			remoteInfo = "Atividade do módulo 12";
		};
		6EE73292275FEE2200336E9A /* PBXContainerItemProxy */ = {
			isa = PBXContainerItemProxy;
			containerPortal = 6EE73269275FEE1F00336E9A /* Project object */;
			proxyType = 1;
			remoteGlobalIDString = 6EE73270275FEE1F00336E9A;
			remoteInfo = "Atividade do módulo 12";
		};
/* End PBXContainerItemProxy section */

/* Begin PBXFileReference section */
		6EE73271275FEE1F00336E9A /* Atividade do módulo 12.app */ = {isa = PBXFileReference; explicitFileType = wrapper.application; includeInIndex = 0; path = "Atividade do módulo 12.app"; sourceTree = BUILT_PRODUCTS_DIR; };
		6EE73274275FEE1F00336E9A /* AppDelegate.swift */ = {isa = PBXFileReference; lastKnownFileType = sourcecode.swift; path = AppDelegate.swift; sourceTree = "<group>"; };
		6EE73276275FEE1F00336E9A /* SceneDelegate.swift */ = {isa = PBXFileReference; lastKnownFileType = sourcecode.swift; path = SceneDelegate.swift; sourceTree = "<group>"; };
		6EE73278275FEE1F00336E9A /* ViewController.swift */ = {isa = PBXFileReference; lastKnownFileType = sourcecode.swift; path = ViewController.swift; sourceTree = "<group>"; };
		6EE7327B275FEE1F00336E9A /* Base */ = {isa = PBXFileReference; lastKnownFileType = file.storyboard; name = Base; path = Base.lproj/Main.storyboard; sourceTree = "<group>"; };
		6EE7327D275FEE2100336E9A /* Assets.xcassets */ = {isa = PBXFileReference; lastKnownFileType = folder.assetcatalog; path = Assets.xcassets; sourceTree = "<group>"; };
		6EE73280275FEE2100336E9A /* Base */ = {isa = PBXFileReference; lastKnownFileType = file.storyboard; name = Base; path = Base.lproj/LaunchScreen.storyboard; sourceTree = "<group>"; };
		6EE73282275FEE2100336E9A /* Info.plist */ = {isa = PBXFileReference; lastKnownFileType = text.plist.xml; path = Info.plist; sourceTree = "<group>"; };
		6EE73287275FEE2200336E9A /* Atividade do módulo 12Tests.xctest */ = {isa = PBXFileReference; explicitFileType = wrapper.cfbundle; includeInIndex = 0; path = "Atividade do módulo 12Tests.xctest"; sourceTree = BUILT_PRODUCTS_DIR; };
		6EE73291275FEE2200336E9A /* Atividade do módulo 12UITests.xctest */ = {isa = PBXFileReference; explicitFileType = wrapper.cfbundle; includeInIndex = 0; path = "Atividade do módulo 12UITests.xctest"; sourceTree = BUILT_PRODUCTS_DIR; };
		6EE732A4275FEE5B00336E9A /* ViewControllerProtocol.swift */ = {isa = PBXFileReference; lastKnownFileType = sourcecode.swift; path = ViewControllerProtocol.swift; sourceTree = "<group>"; };
		6EE732A6275FEFB500336E9A /* ViewControllerDelegate.swift */ = {isa = PBXFileReference; lastKnownFileType = sourcecode.swift; path = ViewControllerDelegate.swift; sourceTree = "<group>"; };
/* End PBXFileReference section */

/* Begin PBXFrameworksBuildPhase section */
		6EE7326E275FEE1F00336E9A /* Frameworks */ = {
			isa = PBXFrameworksBuildPhase;
			buildActionMask = 2147483647;
			files = (
			);
			runOnlyForDeploymentPostprocessing = 0;
		};
		6EE73284275FEE2200336E9A /* Frameworks */ = {
			isa = PBXFrameworksBuildPhase;
			buildActionMask = 2147483647;
			files = (
			);
			runOnlyForDeploymentPostprocessing = 0;
		};
		6EE7328E275FEE2200336E9A /* Frameworks */ = {
			isa = PBXFrameworksBuildPhase;
			buildActionMask = 2147483647;
			files = (
			);
			runOnlyForDeploymentPostprocessing = 0;
		};
/* End PBXFrameworksBuildPhase section */

/* Begin PBXGroup section */
		6EE73268275FEE1F00336E9A = {
			isa = PBXGroup;
			children = (
				6EE73273275FEE1F00336E9A /* Atividade do módulo 12 */,
				6EE73272275FEE1F00336E9A /* Products */,
			);
			sourceTree = "<group>";
		};
		6EE73272275FEE1F00336E9A /* Products */ = {
			isa = PBXGroup;
			children = (
				6EE73271275FEE1F00336E9A /* Atividade do módulo 12.app */,
				6EE73287275FEE2200336E9A /* Atividade do módulo 12Tests.xctest */,
				6EE73291275FEE2200336E9A /* Atividade do módulo 12UITests.xctest */,
			);
			name = Products;
			sourceTree = "<group>";
		};
		6EE73273275FEE1F00336E9A /* Atividade do módulo 12 */ = {
			isa = PBXGroup;
			children = (
				6EE73274275FEE1F00336E9A /* AppDelegate.swift */,
				6EE73276275FEE1F00336E9A /* SceneDelegate.swift */,
				6EE73278275FEE1F00336E9A /* ViewController.swift */,
				6EE732A4275FEE5B00336E9A /* ViewControllerProtocol.swift */,
				6EE732A6275FEFB500336E9A /* ViewControllerDelegate.swift */,
				6EE7327A275FEE1F00336E9A /* Main.storyboard */,
				6EE7327D275FEE2100336E9A /* Assets.xcassets */,
				6EE7327F275FEE2100336E9A /* LaunchScreen.storyboard */,
				6EE73282275FEE2100336E9A /* Info.plist */,
			);
			path = "Atividade do módulo 12";
			sourceTree = "<group>";
		};
/* End PBXGroup section */

/* Begin PBXNativeTarget section */
		6EE73270275FEE1F00336E9A /* Atividade do módulo 12 */ = {
			isa = PBXNativeTarget;
			buildConfigurationList = 6EE7329B275FEE2200336E9A /* Build configuration list for PBXNativeTarget "Atividade do módulo 12" */;
			buildPhases = (
				6EE7326D275FEE1F00336E9A /* Sources */,
				6EE7326E275FEE1F00336E9A /* Frameworks */,
				6EE7326F275FEE1F00336E9A /* Resources */,
			);
			buildRules = (
			);
			dependencies = (
			);
			name = "Atividade do módulo 12";
			productName = "Atividade do módulo 12";
			productReference = 6EE73271275FEE1F00336E9A /* Atividade do módulo 12.app */;
			productType = "com.apple.product-type.application";
		};
		6EE73286275FEE2200336E9A /* Atividade do módulo 12Tests */ = {
			isa = PBXNativeTarget;
			buildConfigurationList = 6EE7329E275FEE2200336E9A /* Build configuration list for PBXNativeTarget "Atividade do módulo 12Tests" */;
			buildPhases = (
				6EE73283275FEE2200336E9A /* Sources */,
				6EE73284275FEE2200336E9A /* Frameworks */,
				6EE73285275FEE2200336E9A /* Resources */,
			);
			buildRules = (
			);
			dependencies = (
				6EE73289275FEE2200336E9A /* PBXTargetDependency */,
			);
			name = "Atividade do módulo 12Tests";
			productName = "Atividade do módulo 12Tests";
			productReference = 6EE73287275FEE2200336E9A /* Atividade do módulo 12Tests.xctest */;
			productType = "com.apple.product-type.bundle.unit-test";
		};
		6EE73290275FEE2200336E9A /* Atividade do módulo 12UITests */ = {
			isa = PBXNativeTarget;
			buildConfigurationList = 6EE732A1275FEE2200336E9A /* Build configuration list for PBXNativeTarget "Atividade do módulo 12UITests" */;
			buildPhases = (
				6EE7328D275FEE2200336E9A /* Sources */,
				6EE7328E275FEE2200336E9A /* Frameworks */,
				6EE7328F275FEE2200336E9A /* Resources */,
			);
			buildRules = (
			);
			dependencies = (
				6EE73293275FEE2200336E9A /* PBXTargetDependency */,
			);
			name = "Atividade do módulo 12UITests";
			productName = "Atividade do módulo 12UITests";
			productReference = 6EE73291275FEE2200336E9A /* Atividade do módulo 12UITests.xctest */;
			productType = "com.apple.product-type.bundle.ui-testing";
		};
/* End PBXNativeTarget section */

/* Begin PBXProject section */
		6EE73269275FEE1F00336E9A /* Project object */ = {
			isa = PBXProject;
			attributes = {
				BuildIndependentTargetsInParallel = 1;
				LastSwiftUpdateCheck = 1310;
				LastUpgradeCheck = 1310;
				TargetAttributes = {
					6EE73270275FEE1F00336E9A = {
						CreatedOnToolsVersion = 13.1;
					};
					6EE73286275FEE2200336E9A = {
						CreatedOnToolsVersion = 13.1;
						TestTargetID = 6EE73270275FEE1F00336E9A;
					};
					6EE73290275FEE2200336E9A = {
						CreatedOnToolsVersion = 13.1;
						TestTargetID = 6EE73270275FEE1F00336E9A;
					};
				};
			};
			buildConfigurationList = 6EE7326C275FEE1F00336E9A /* Build configuration list for PBXProject "Atividade do módulo 12" */;
			compatibilityVersion = "Xcode 13.0";
			developmentRegion = en;
			hasScannedForEncodings = 0;
			knownRegions = (
				en,
				Base,
			);
			mainGroup = 6EE73268275FEE1F00336E9A;
			productRefGroup = 6EE73272275FEE1F00336E9A /* Products */;
			projectDirPath = "";
			projectRoot = "";
			targets = (
				6EE73270275FEE1F00336E9A /* Atividade do módulo 12 */,
				6EE73286275FEE2200336E9A /* Atividade do módulo 12Tests */,
				6EE73290275FEE2200336E9A /* Atividade do módulo 12UITests */,
			);
		};
/* End PBXProject section */

/* Begin PBXResourcesBuildPhase section */
		6EE7326F275FEE1F00336E9A /* Resources */ = {
			isa = PBXResourcesBuildPhase;
			buildActionMask = 2147483647;
			files = (
				6EE73281275FEE2100336E9A /* LaunchScreen.storyboard in Resources */,
				6EE7327E275FEE2100336E9A /* Assets.xcassets in Resources */,
				6EE7327C275FEE1F00336E9A /* Main.storyboard in Resources */,
			);
			runOnlyForDeploymentPostprocessing = 0;
		};
		6EE73285275FEE2200336E9A /* Resources */ = {
			isa = PBXResourcesBuildPhase;
			buildActionMask = 2147483647;
			files = (
			);
			runOnlyForDeploymentPostprocessing = 0;
		};
		6EE7328F275FEE2200336E9A /* Resources */ = {
			isa = PBXResourcesBuildPhase;
			buildActionMask = 2147483647;
			files = (
			);
			runOnlyForDeploymentPostprocessing = 0;
		};
/* End PBXResourcesBuildPhase section */

/* Begin PBXSourcesBuildPhase section */
		6EE7326D275FEE1F00336E9A /* Sources */ = {
			isa = PBXSourcesBuildPhase;
			buildActionMask = 2147483647;
			files = (
				6EE732A7275FEFB500336E9A /* ViewControllerDelegate.swift in Sources */,
				6EE73279275FEE1F00336E9A /* ViewController.swift in Sources */,
				6EE732A5275FEE5B00336E9A /* ViewControllerProtocol.swift in Sources */,
				6EE73275275FEE1F00336E9A /* AppDelegate.swift in Sources */,
				6EE73277275FEE1F00336E9A /* SceneDelegate.swift in Sources */,
			);
			runOnlyForDeploymentPostprocessing = 0;
		};
		6EE73283275FEE2200336E9A /* Sources */ = {
			isa = PBXSourcesBuildPhase;
			buildActionMask = 2147483647;
			files = (
			);
			runOnlyForDeploymentPostprocessing = 0;
		};
		6EE7328D275FEE2200336E9A /* Sources */ = {
			isa = PBXSourcesBuildPhase;
			buildActionMask = 2147483647;
			files = (
			);
			runOnlyForDeploymentPostprocessing = 0;
		};
/* End PBXSourcesBuildPhase section */

/* Begin PBXTargetDependency section */
		6EE73289275FEE2200336E9A /* PBXTargetDependency */ = {
			isa = PBXTargetDependency;
			target = 6EE73270275FEE1F00336E9A /* Atividade do módulo 12 */;
			targetProxy = 6EE73288275FEE2200336E9A /* PBXContainerItemProxy */;
		};
		6EE73293275FEE2200336E9A /* PBXTargetDependency */ = {
			isa = PBXTargetDependency;
			target = 6EE73270275FEE1F00336E9A /* Atividade do módulo 12 */;
			targetProxy = 6EE73292275FEE2200336E9A /* PBXContainerItemProxy */;
		};
/* End PBXTargetDependency section */

/* Begin PBXVariantGroup section */
		6EE7327A275FEE1F00336E9A /* Main.storyboard */ = {
			isa = PBXVariantGroup;
			children = (
				6EE7327B275FEE1F00336E9A /* Base */,
			);
			name = Main.storyboard;
			sourceTree = "<group>";
		};
		6EE7327F275FEE2100336E9A /* LaunchScreen.storyboard */ = {
			isa = PBXVariantGroup;
			children = (
				6EE73280275FEE2100336E9A /* Base */,
			);
			name = LaunchScreen.storyboard;
			sourceTree = "<group>";
		};
/* End PBXVariantGroup section */

/* Begin XCBuildConfiguration section */
		6EE73299275FEE2200336E9A /* Debug */ = {
			isa = XCBuildConfiguration;
			buildSettings = {
				ALWAYS_SEARCH_USER_PATHS = NO;
				CLANG_ANALYZER_NONNULL = YES;
				CLANG_ANALYZER_NUMBER_OBJECT_CONVERSION = YES_AGGRESSIVE;
				CLANG_CXX_LANGUAGE_STANDARD = "gnu++17";
				CLANG_CXX_LIBRARY = "libc++";
				CLANG_ENABLE_MODULES = YES;
				CLANG_ENABLE_OBJC_ARC = YES;
				CLANG_ENABLE_OBJC_WEAK = YES;
				CLANG_WARN_BLOCK_CAPTURE_AUTORELEASING = YES;
				CLANG_WARN_BOOL_CONVERSION = YES;
				CLANG_WARN_COMMA = YES;
				CLANG_WARN_CONSTANT_CONVERSION = YES;
				CLANG_WARN_DEPRECATED_OBJC_IMPLEMENTATIONS = YES;
				CLANG_WARN_DIRECT_OBJC_ISA_USAGE = YES_ERROR;
				CLANG_WARN_DOCUMENTATION_COMMENTS = YES;
				CLANG_WARN_EMPTY_BODY = YES;
				CLANG_WARN_ENUM_CONVERSION = YES;
				CLANG_WARN_INFINITE_RECURSION = YES;
				CLANG_WARN_INT_CONVERSION = YES;
				CLANG_WARN_NON_LITERAL_NULL_CONVERSION = YES;
				CLANG_WARN_OBJC_IMPLICIT_RETAIN_SELF = YES;
				CLANG_WARN_OBJC_LITERAL_CONVERSION = YES;
				CLANG_WARN_OBJC_ROOT_CLASS = YES_ERROR;
				CLANG_WARN_QUOTED_INCLUDE_IN_FRAMEWORK_HEADER = YES;
				CLANG_WARN_RANGE_LOOP_ANALYSIS = YES;
				CLANG_WARN_STRICT_PROTOTYPES = YES;
				CLANG_WARN_SUSPICIOUS_MOVE = YES;
				CLANG_WARN_UNGUARDED_AVAILABILITY = YES_AGGRESSIVE;
				CLANG_WARN_UNREACHABLE_CODE = YES;
				CLANG_WARN__DUPLICATE_METHOD_MATCH = YES;
				COPY_PHASE_STRIP = NO;
				DEBUG_INFORMATION_FORMAT = dwarf;
				ENABLE_STRICT_OBJC_MSGSEND = YES;
				ENABLE_TESTABILITY = YES;
				GCC_C_LANGUAGE_STANDARD = gnu11;
				GCC_DYNAMIC_NO_PIC = NO;
				GCC_NO_COMMON_BLOCKS = YES;
				GCC_OPTIMIZATION_LEVEL = 0;
				GCC_PREPROCESSOR_DEFINITIONS = (
					"DEBUG=1",
					"$(inherited)",
				);
				GCC_WARN_64_TO_32_BIT_CONVERSION = YES;
				GCC_WARN_ABOUT_RETURN_TYPE = YES_ERROR;
				GCC_WARN_UNDECLARED_SELECTOR = YES;
				GCC_WARN_UNINITIALIZED_AUTOS = YES_AGGRESSIVE;
				GCC_WARN_UNUSED_FUNCTION = YES;
				GCC_WARN_UNUSED_VARIABLE = YES;
				IPHONEOS_DEPLOYMENT_TARGET = 15.0;
				MTL_ENABLE_DEBUG_INFO = INCLUDE_SOURCE;
				MTL_FAST_MATH = YES;
				ONLY_ACTIVE_ARCH = YES;
				SDKROOT = iphoneos;
				SWIFT_ACTIVE_COMPILATION_CONDITIONS = DEBUG;
				SWIFT_OPTIMIZATION_LEVEL = "-Onone";
			};
			name = Debug;
		};
		6EE7329A275FEE2200336E9A /* Release */ = {
			isa = XCBuildConfiguration;
			buildSettings = {
				ALWAYS_SEARCH_USER_PATHS = NO;
				CLANG_ANALYZER_NONNULL = YES;
				CLANG_ANALYZER_NUMBER_OBJECT_CONVERSION = YES_AGGRESSIVE;
				CLANG_CXX_LANGUAGE_STANDARD = "gnu++17";
				CLANG_CXX_LIBRARY = "libc++";
				CLANG_ENABLE_MODULES = YES;
				CLANG_ENABLE_OBJC_ARC = YES;
				CLANG_ENABLE_OBJC_WEAK = YES;
				CLANG_WARN_BLOCK_CAPTURE_AUTORELEASING = YES;
				CLANG_WARN_BOOL_CONVERSION = YES;
				CLANG_WARN_COMMA = YES;
				CLANG_WARN_CONSTANT_CONVERSION = YES;
				CLANG_WARN_DEPRECATED_OBJC_IMPLEMENTATIONS = YES;
				CLANG_WARN_DIRECT_OBJC_ISA_USAGE = YES_ERROR;
				CLANG_WARN_DOCUMENTATION_COMMENTS = YES;
				CLANG_WARN_EMPTY_BODY = YES;
				CLANG_WARN_ENUM_CONVERSION = YES;
				CLANG_WARN_INFINITE_RECURSION = YES;
				CLANG_WARN_INT_CONVERSION = YES;
				CLANG_WARN_NON_LITERAL_NULL_CONVERSION = YES;
				CLANG_WARN_OBJC_IMPLICIT_RETAIN_SELF = YES;
				CLANG_WARN_OBJC_LITERAL_CONVERSION = YES;
				CLANG_WARN_OBJC_ROOT_CLASS = YES_ERROR;
				CLANG_WARN_QUOTED_INCLUDE_IN_FRAMEWORK_HEADER = YES;
				CLANG_WARN_RANGE_LOOP_ANALYSIS = YES;
				CLANG_WARN_STRICT_PROTOTYPES = YES;
				CLANG_WARN_SUSPICIOUS_MOVE = YES;
				CLANG_WARN_UNGUARDED_AVAILABILITY = YES_AGGRESSIVE;
				CLANG_WARN_UNREACHABLE_CODE = YES;
				CLANG_WARN__DUPLICATE_METHOD_MATCH = YES;
				COPY_PHASE_STRIP = NO;
				DEBUG_INFORMATION_FORMAT = "dwarf-with-dsym";
				ENABLE_NS_ASSERTIONS = NO;
				ENABLE_STRICT_OBJC_MSGSEND = YES;
				GCC_C_LANGUAGE_STANDARD = gnu11;
				GCC_NO_COMMON_BLOCKS = YES;
				GCC_WARN_64_TO_32_BIT_CONVERSION = YES;
				GCC_WARN_ABOUT_RETURN_TYPE = YES_ERROR;
				GCC_WARN_UNDECLARED_SELECTOR = YES;
				GCC_WARN_UNINITIALIZED_AUTOS = YES_AGGRESSIVE;
				GCC_WARN_UNUSED_FUNCTION = YES;
				GCC_WARN_UNUSED_VARIABLE = YES;
				IPHONEOS_DEPLOYMENT_TARGET = 15.0;
				MTL_ENABLE_DEBUG_INFO = NO;
				MTL_FAST_MATH = YES;
				SDKROOT = iphoneos;
				SWIFT_COMPILATION_MODE = wholemodule;
				SWIFT_OPTIMIZATION_LEVEL = "-O";
				VALIDATE_PRODUCT = YES;
			};
			name = Release;
		};
		6EE7329C275FEE2200336E9A /* Debug */ = {
			isa = XCBuildConfiguration;
			buildSettings = {
				ASSETCATALOG_COMPILER_APPICON_NAME = AppIcon;
				ASSETCATALOG_COMPILER_GLOBAL_ACCENT_COLOR_NAME = AccentColor;
				CODE_SIGN_STYLE = Automatic;
				CURRENT_PROJECT_VERSION = 1;
				GENERATE_INFOPLIST_FILE = YES;
				INFOPLIST_FILE = "Atividade do módulo 12/Info.plist";
				INFOPLIST_KEY_UIApplicationSupportsIndirectInputEvents = YES;
				INFOPLIST_KEY_UILaunchStoryboardName = LaunchScreen;
				INFOPLIST_KEY_UIMainStoryboardFile = Main;
				INFOPLIST_KEY_UISupportedInterfaceOrientations_iPad = "UIInterfaceOrientationPortrait UIInterfaceOrientationPortraitUpsideDown UIInterfaceOrientationLandscapeLeft UIInterfaceOrientationLandscapeRight";
				INFOPLIST_KEY_UISupportedInterfaceOrientations_iPhone = "UIInterfaceOrientationPortrait UIInterfaceOrientationLandscapeLeft UIInterfaceOrientationLandscapeRight";
				LD_RUNPATH_SEARCH_PATHS = (
					"$(inherited)",
					"@executable_path/Frameworks",
				);
				MARKETING_VERSION = 1.0;
				PRODUCT_BUNDLE_IDENTIFIER = "amandadetofol.Atividade-do-mo-dulo-12";
				PRODUCT_NAME = "$(TARGET_NAME)";
				SWIFT_EMIT_LOC_STRINGS = YES;
				SWIFT_VERSION = 5.0;
				TARGETED_DEVICE_FAMILY = "1,2";
			};
			name = Debug;
		};
		6EE7329D275FEE2200336E9A /* Release */ = {
			isa = XCBuildConfiguration;
			buildSettings = {
				ASSETCATALOG_COMPILER_APPICON_NAME = AppIcon;
				ASSETCATALOG_COMPILER_GLOBAL_ACCENT_COLOR_NAME = AccentColor;
				CODE_SIGN_STYLE = Automatic;
				CURRENT_PROJECT_VERSION = 1;
				GENERATE_INFOPLIST_FILE = YES;
				INFOPLIST_FILE = "Atividade do módulo 12/Info.plist";
				INFOPLIST_KEY_UIApplicationSupportsIndirectInputEvents = YES;
				INFOPLIST_KEY_UILaunchStoryboardName = LaunchScreen;
				INFOPLIST_KEY_UIMainStoryboardFile = Main;
				INFOPLIST_KEY_UISupportedInterfaceOrientations_iPad = "UIInterfaceOrientationPortrait UIInterfaceOrientationPortraitUpsideDown UIInterfaceOrientationLandscapeLeft UIInterfaceOrientationLandscapeRight";
				INFOPLIST_KEY_UISupportedInterfaceOrientations_iPhone = "UIInterfaceOrientationPortrait UIInterfaceOrientationLandscapeLeft UIInterfaceOrientationLandscapeRight";
				LD_RUNPATH_SEARCH_PATHS = (
					"$(inherited)",
					"@executable_path/Frameworks",
				);
				MARKETING_VERSION = 1.0;
				PRODUCT_BUNDLE_IDENTIFIER = "amandadetofol.Atividade-do-mo-dulo-12";
				PRODUCT_NAME = "$(TARGET_NAME)";
				SWIFT_EMIT_LOC_STRINGS = YES;
				SWIFT_VERSION = 5.0;
				TARGETED_DEVICE_FAMILY = "1,2";
			};
			name = Release;
		};
		6EE7329F275FEE2200336E9A /* Debug */ = {
			isa = XCBuildConfiguration;
			buildSettings = {
				ALWAYS_EMBED_SWIFT_STANDARD_LIBRARIES = YES;
				BUNDLE_LOADER = "$(TEST_HOST)";
				CODE_SIGN_STYLE = Automatic;
				CURRENT_PROJECT_VERSION = 1;
				GENERATE_INFOPLIST_FILE = YES;
				IPHONEOS_DEPLOYMENT_TARGET = 15.0;
				LD_RUNPATH_SEARCH_PATHS = (
					"$(inherited)",
					"@executable_path/Frameworks",
					"@loader_path/Frameworks",
				);
				MARKETING_VERSION = 1.0;
				PRODUCT_BUNDLE_IDENTIFIER = "amandadetofol.Atividade-do-mo-dulo-12Tests";
				PRODUCT_NAME = "$(TARGET_NAME)";
				SWIFT_EMIT_LOC_STRINGS = NO;
				SWIFT_VERSION = 5.0;
				TARGETED_DEVICE_FAMILY = "1,2";
				TEST_HOST = "$(BUILT_PRODUCTS_DIR)/Atividade do módulo 12.app/Atividade do módulo 12";
			};
			name = Debug;
		};
		6EE732A0275FEE2200336E9A /* Release */ = {
			isa = XCBuildConfiguration;
			buildSettings = {
				ALWAYS_EMBED_SWIFT_STANDARD_LIBRARIES = YES;
				BUNDLE_LOADER = "$(TEST_HOST)";
				CODE_SIGN_STYLE = Automatic;
				CURRENT_PROJECT_VERSION = 1;
				GENERATE_INFOPLIST_FILE = YES;
				IPHONEOS_DEPLOYMENT_TARGET = 15.0;
				LD_RUNPATH_SEARCH_PATHS = (
					"$(inherited)",
					"@executable_path/Frameworks",
					"@loader_path/Frameworks",
				);
				MARKETING_VERSION = 1.0;
				PRODUCT_BUNDLE_IDENTIFIER = "amandadetofol.Atividade-do-mo-dulo-12Tests";
				PRODUCT_NAME = "$(TARGET_NAME)";
				SWIFT_EMIT_LOC_STRINGS = NO;
				SWIFT_VERSION = 5.0;
				TARGETED_DEVICE_FAMILY = "1,2";
				TEST_HOST = "$(BUILT_PRODUCTS_DIR)/Atividade do módulo 12.app/Atividade do módulo 12";
			};
			name = Release;
		};
		6EE732A2275FEE2200336E9A /* Debug */ = {
			isa = XCBuildConfiguration;
			buildSettings = {
				ALWAYS_EMBED_SWIFT_STANDARD_LIBRARIES = YES;
				CODE_SIGN_STYLE = Automatic;
				CURRENT_PROJECT_VERSION = 1;
				GENERATE_INFOPLIST_FILE = YES;
				LD_RUNPATH_SEARCH_PATHS = (
					"$(inherited)",
					"@executable_path/Frameworks",
					"@loader_path/Frameworks",
				);
				MARKETING_VERSION = 1.0;
				PRODUCT_BUNDLE_IDENTIFIER = "amandadetofol.Atividade-do-mo-dulo-12UITests";
				PRODUCT_NAME = "$(TARGET_NAME)";
				SWIFT_EMIT_LOC_STRINGS = NO;
				SWIFT_VERSION = 5.0;
				TARGETED_DEVICE_FAMILY = "1,2";
				TEST_TARGET_NAME = "Atividade do módulo 12";
			};
			name = Debug;
		};
		6EE732A3275FEE2200336E9A /* Release */ = {
			isa = XCBuildConfiguration;
			buildSettings = {
				ALWAYS_EMBED_SWIFT_STANDARD_LIBRARIES = YES;
				CODE_SIGN_STYLE = Automatic;
				CURRENT_PROJECT_VERSION = 1;
				GENERATE_INFOPLIST_FILE = YES;
				LD_RUNPATH_SEARCH_PATHS = (
					"$(inherited)",
					"@executable_path/Frameworks",
					"@loader_path/Frameworks",
				);
				MARKETING_VERSION = 1.0;
				PRODUCT_BUNDLE_IDENTIFIER = "amandadetofol.Atividade-do-mo-dulo-12UITests";
				PRODUCT_NAME = "$(TARGET_NAME)";
				SWIFT_EMIT_LOC_STRINGS = NO;
				SWIFT_VERSION = 5.0;
				TARGETED_DEVICE_FAMILY = "1,2";
				TEST_TARGET_NAME = "Atividade do módulo 12";
			};
			name = Release;
		};
/* End XCBuildConfiguration section */

/* Begin XCConfigurationList section */
		6EE7326C275FEE1F00336E9A /* Build configuration list for PBXProject "Atividade do módulo 12" */ = {
			isa = XCConfigurationList;
			buildConfigurations = (
				6EE73299275FEE2200336E9A /* Debug */,
				6EE7329A275FEE2200336E9A /* Release */,
			);
			defaultConfigurationIsVisible = 0;
			defaultConfigurationName = Release;
		};
		6EE7329B275FEE2200336E9A /* Build configuration list for PBXNativeTarget "Atividade do módulo 12" */ = {
			isa = XCConfigurationList;
			buildConfigurations = (
				6EE7329C275FEE2200336E9A /* Debug */,
				6EE7329D275FEE2200336E9A /* Release */,
			);
			defaultConfigurationIsVisible = 0;
			defaultConfigurationName = Release;
		};
		6EE7329E275FEE2200336E9A /* Build configuration list for PBXNativeTarget "Atividade do módulo 12Tests" */ = {
			isa = XCConfigurationList;
			buildConfigurations = (
				6EE7329F275FEE2200336E9A /* Debug */,
				6EE732A0275FEE2200336E9A /* Release */,
			);
			defaultConfigurationIsVisible = 0;
			defaultConfigurationName = Release;
		};
		6EE732A1275FEE2200336E9A /* Build configuration list for PBXNativeTarget "Atividade do módulo 12UITests" */ = {
			isa = XCConfigurationList;
			buildConfigurations = (
				6EE732A2275FEE2200336E9A /* Debug */,
				6EE732A3275FEE2200336E9A /* Release */,
			);
			defaultConfigurationIsVisible = 0;
			defaultConfigurationName = Release;
		};
/* End XCConfigurationList section */
	};
	rootObject = 6EE73269275FEE1F00336E9A /* Project object */;
}
